
Microsoft Visual Studio Solution File, Format Version 12.00
# Visual Studio 15
VisualStudioVersion = 15.0.27130.2026
MinimumVisualStudioVersion = 10.0.40219.1
Project("{FAE04EC0-301F-11D3-BF4B-00C04F79EFBC}") = "ViretTool", "ViretTool\ViretTool.csproj", "{83A3AC99-C09A-4744-9364-00E7AC2941DB}"
EndProject
Project("{2150E333-8FDC-42A3-9474-1A3956D46DE8}") = "DataPreparation", "DataPreparation", "{32BF6B34-64EE-4DA5-9856-F7844D33C7D7}"
EndProject
Project("{2150E333-8FDC-42A3-9474-1A3956D46DE8}") = "DataModel", "DataModel", "{07C01CEE-9F09-48AF-BAAB-6D44BC424EA1}"
EndProject
Project("{FAE04EC0-301F-11D3-BF4B-00C04F79EFBC}") = "FrameExtractor", "FrameExtractor\FrameExtractor.csproj", "{D4247128-C719-423E-BDF8-C285F8922FB0}"
	ProjectSection(ProjectDependencies) = postProject
		{723C5402-FE70-4EFB-8893-C7A2B4F20E40} = {723C5402-FE70-4EFB-8893-C7A2B4F20E40}
	EndProjectSection
EndProject
Project("{FAE04EC0-301F-11D3-BF4B-00C04F79EFBC}") = "FrameMerge", "FrameMerge\FrameMerge.csproj", "{9E81E8E4-6AF5-480A-B7CC-4AE26D4DCB63}"
EndProject
Project("{FAE04EC0-301F-11D3-BF4B-00C04F79EFBC}") = "ImageDatasetTest", "ImageDatasetTest\ImageDatasetTest.csproj", "{8FE95534-993B-4E85-8388-4B93673E852E}"
EndProject
Project("{2150E333-8FDC-42A3-9474-1A3956D46DE8}") = "Libraries", "Libraries", "{B023A2CC-9F72-4712-97AB-E6530A38745B}"
EndProject
Project("{FAE04EC0-301F-11D3-BF4B-00C04F79EFBC}") = "FrameIO", "FrameIO\FrameIO.csproj", "{723C5402-FE70-4EFB-8893-C7A2B4F20E40}"
EndProject
Project("{2150E333-8FDC-42A3-9474-1A3956D46DE8}") = "SemanticModel", "SemanticModel", "{520EB6C5-C6C1-47AD-923E-E94FEF7163A2}"
EndProject
Project("{2150E333-8FDC-42A3-9474-1A3956D46DE8}") = "SimilarityModels", "SimilarityModels", "{400A33B1-8D25-41F7-8A11-99AB7F4B6828}"
EndProject
Project("{2150E333-8FDC-42A3-9474-1A3956D46DE8}") = "ColorSignatureModel", "ColorSignatureModel", "{BD05D128-879E-4CF0-9EA9-306B32510DF7}"
EndProject
Project("{FAE04EC0-301F-11D3-BF4B-00C04F79EFBC}") = "EvaluationServer", "EvaluationServer\EvaluationServer.csproj", "{A35CFB5F-E53D-444F-9B1D-35E94D2718EA}"
EndProject
Project("{FAE04EC0-301F-11D3-BF4B-00C04F79EFBC}") = "DataModel", "DataModel\DataModel.csproj", "{0189FDA1-9435-4CC6-87B3-F42ECB27B668}"
EndProject
Project("{2150E333-8FDC-42A3-9474-1A3956D46DE8}") = "FilterModels", "FilterModels", "{3DE87BF7-2871-4E3B-A8FE-2A574CEBA1FA}"
EndProject
Project("{2150E333-8FDC-42A3-9474-1A3956D46DE8}") = "MaskFilters", "MaskFilters", "{11D97996-F8D1-4624-9250-6C47F78E2039}"
EndProject
Project("{2150E333-8FDC-42A3-9474-1A3956D46DE8}") = "FlowFilters", "FlowFilters", "{95B2AF04-7EE5-4030-8B72-F77ABD365507}"
EndProject
Project("{FAE04EC0-301F-11D3-BF4B-00C04F79EFBC}") = "BlackAndWhiteFilter", "BlackAndWhiteFilter\BlackAndWhiteFilter.csproj", "{2C729E68-925E-4D93-876A-9CACE75AC2EF}"
EndProject
Project("{FAE04EC0-301F-11D3-BF4B-00C04F79EFBC}") = "TopologyFileGenerator", "TopologyFileGenerator\TopologyFileGenerator.csproj", "{4478F063-7A1F-48CB-BD40-DA26ABF770E7}"
EndProject
Global
	GlobalSection(SolutionConfigurationPlatforms) = preSolution
		Debug|x64 = Debug|x64
		Release|x64 = Release|x64
	EndGlobalSection
	GlobalSection(ProjectConfigurationPlatforms) = postSolution
		{83A3AC99-C09A-4744-9364-00E7AC2941DB}.Debug|x64.ActiveCfg = Debug|x64
		{83A3AC99-C09A-4744-9364-00E7AC2941DB}.Debug|x64.Build.0 = Debug|x64
		{83A3AC99-C09A-4744-9364-00E7AC2941DB}.Release|x64.ActiveCfg = Release|x64
		{83A3AC99-C09A-4744-9364-00E7AC2941DB}.Release|x64.Build.0 = Release|x64
		{D4247128-C719-423E-BDF8-C285F8922FB0}.Debug|x64.ActiveCfg = Debug|x64
		{D4247128-C719-423E-BDF8-C285F8922FB0}.Debug|x64.Build.0 = Debug|x64
		{D4247128-C719-423E-BDF8-C285F8922FB0}.Release|x64.ActiveCfg = Release|x64
		{D4247128-C719-423E-BDF8-C285F8922FB0}.Release|x64.Build.0 = Release|x64
		{9E81E8E4-6AF5-480A-B7CC-4AE26D4DCB63}.Debug|x64.ActiveCfg = Debug|x64
		{9E81E8E4-6AF5-480A-B7CC-4AE26D4DCB63}.Debug|x64.Build.0 = Debug|x64
		{9E81E8E4-6AF5-480A-B7CC-4AE26D4DCB63}.Release|x64.ActiveCfg = Release|x64
		{9E81E8E4-6AF5-480A-B7CC-4AE26D4DCB63}.Release|x64.Build.0 = Release|x64
		{8FE95534-993B-4E85-8388-4B93673E852E}.Debug|x64.ActiveCfg = Debug|x64
		{8FE95534-993B-4E85-8388-4B93673E852E}.Debug|x64.Build.0 = Debug|x64
		{8FE95534-993B-4E85-8388-4B93673E852E}.Release|x64.ActiveCfg = Release|x64
		{8FE95534-993B-4E85-8388-4B93673E852E}.Release|x64.Build.0 = Release|x64
		{723C5402-FE70-4EFB-8893-C7A2B4F20E40}.Debug|x64.ActiveCfg = Debug|x64
		{723C5402-FE70-4EFB-8893-C7A2B4F20E40}.Debug|x64.Build.0 = Debug|x64
		{723C5402-FE70-4EFB-8893-C7A2B4F20E40}.Release|x64.ActiveCfg = Release|x64
		{723C5402-FE70-4EFB-8893-C7A2B4F20E40}.Release|x64.Build.0 = Release|x64
		{A35CFB5F-E53D-444F-9B1D-35E94D2718EA}.Debug|x64.ActiveCfg = Debug|x64
		{A35CFB5F-E53D-444F-9B1D-35E94D2718EA}.Debug|x64.Build.0 = Debug|x64
		{A35CFB5F-E53D-444F-9B1D-35E94D2718EA}.Release|x64.ActiveCfg = Release|x64
		{A35CFB5F-E53D-444F-9B1D-35E94D2718EA}.Release|x64.Build.0 = Release|x64
		{0189FDA1-9435-4CC6-87B3-F42ECB27B668}.Debug|x64.ActiveCfg = Debug|x64
		{0189FDA1-9435-4CC6-87B3-F42ECB27B668}.Debug|x64.Build.0 = Debug|x64
		{0189FDA1-9435-4CC6-87B3-F42ECB27B668}.Release|x64.ActiveCfg = Release|x64
		{0189FDA1-9435-4CC6-87B3-F42ECB27B668}.Release|x64.Build.0 = Release|x64
		{2C729E68-925E-4D93-876A-9CACE75AC2EF}.Debug|x64.ActiveCfg = Debug|x64
		{2C729E68-925E-4D93-876A-9CACE75AC2EF}.Debug|x64.Build.0 = Debug|x64
		{2C729E68-925E-4D93-876A-9CACE75AC2EF}.Release|x64.ActiveCfg = Release|x64
		{2C729E68-925E-4D93-876A-9CACE75AC2EF}.Release|x64.Build.0 = Release|x64
		{4478F063-7A1F-48CB-BD40-DA26ABF770E7}.Debug|x64.ActiveCfg = Debug|x64
		{4478F063-7A1F-48CB-BD40-DA26ABF770E7}.Debug|x64.Build.0 = Debug|x64
		{4478F063-7A1F-48CB-BD40-DA26ABF770E7}.Release|x64.ActiveCfg = Release|x64
		{4478F063-7A1F-48CB-BD40-DA26ABF770E7}.Release|x64.Build.0 = Release|x64
	EndGlobalSection
	GlobalSection(SolutionProperties) = preSolution
		HideSolutionNode = FALSE
	EndGlobalSection
	GlobalSection(NestedProjects) = preSolution
		{07C01CEE-9F09-48AF-BAAB-6D44BC424EA1} = {32BF6B34-64EE-4DA5-9856-F7844D33C7D7}
		{D4247128-C719-423E-BDF8-C285F8922FB0} = {07C01CEE-9F09-48AF-BAAB-6D44BC424EA1}
		{9E81E8E4-6AF5-480A-B7CC-4AE26D4DCB63} = {07C01CEE-9F09-48AF-BAAB-6D44BC424EA1}
		{8FE95534-993B-4E85-8388-4B93673E852E} = {07C01CEE-9F09-48AF-BAAB-6D44BC424EA1}
		{723C5402-FE70-4EFB-8893-C7A2B4F20E40} = {B023A2CC-9F72-4712-97AB-E6530A38745B}
		{520EB6C5-C6C1-47AD-923E-E94FEF7163A2} = {400A33B1-8D25-41F7-8A11-99AB7F4B6828}
		{400A33B1-8D25-41F7-8A11-99AB7F4B6828} = {32BF6B34-64EE-4DA5-9856-F7844D33C7D7}
		{BD05D128-879E-4CF0-9EA9-306B32510DF7} = {400A33B1-8D25-41F7-8A11-99AB7F4B6828}
		{3DE87BF7-2871-4E3B-A8FE-2A574CEBA1FA} = {32BF6B34-64EE-4DA5-9856-F7844D33C7D7}
		{11D97996-F8D1-4624-9250-6C47F78E2039} = {3DE87BF7-2871-4E3B-A8FE-2A574CEBA1FA}
		{95B2AF04-7EE5-4030-8B72-F77ABD365507} = {3DE87BF7-2871-4E3B-A8FE-2A574CEBA1FA}
		{2C729E68-925E-4D93-876A-9CACE75AC2EF} = {11D97996-F8D1-4624-9250-6C47F78E2039}
		{4478F063-7A1F-48CB-BD40-DA26ABF770E7} = {07C01CEE-9F09-48AF-BAAB-6D44BC424EA1}
	EndGlobalSection
	GlobalSection(ExtensibilityGlobals) = postSolution
		SolutionGuid = {0AA05E90-3307-4A81-9E94-F6D04B2C79D3}
	EndGlobalSection
EndGlobal
