
Microsoft Visual Studio Solution File, Format Version 12.00
# Visual Studio 14
VisualStudioVersion = 14.0.25420.1
MinimumVisualStudioVersion = 10.0.40219.1
Project("{FAE04EC0-301F-11D3-BF4B-00C04F79EFBC}") = "ViretTool", "ViretTool\ViretTool.csproj", "{83A3AC99-C09A-4744-9364-00E7AC2941DB}"
EndProject
Project("{2150E333-8FDC-42A3-9474-1A3956D46DE8}") = "DataPreparation", "DataPreparation", "{32BF6B34-64EE-4DA5-9856-F7844D33C7D7}"
EndProject
Project("{2150E333-8FDC-42A3-9474-1A3956D46DE8}") = "ImageDataset", "ImageDataset", "{07C01CEE-9F09-48AF-BAAB-6D44BC424EA1}"
EndProject
Project("{FAE04EC0-301F-11D3-BF4B-00C04F79EFBC}") = "FrameExtractor", "FrameExtractor\FrameExtractor.csproj", "{D4247128-C719-423E-BDF8-C285F8922FB0}"
EndProject
Project("{FAE04EC0-301F-11D3-BF4B-00C04F79EFBC}") = "FrameMerge", "FrameMerge\FrameMerge.csproj", "{9E81E8E4-6AF5-480A-B7CC-4AE26D4DCB63}"
EndProject
Project("{FAE04EC0-301F-11D3-BF4B-00C04F79EFBC}") = "ImageDatasetTest", "ImageDatasetTest\ImageDatasetTest.csproj", "{8FE95534-993B-4E85-8388-4B93673E852E}"
EndProject
Project("{2150E333-8FDC-42A3-9474-1A3956D46DE8}") = "Libraries", "Libraries", "{B023A2CC-9F72-4712-97AB-E6530A38745B}"
EndProject
Project("{FAE04EC0-301F-11D3-BF4B-00C04F79EFBC}") = "FrameIO", "FrameIO\FrameIO.csproj", "{723C5402-FE70-4EFB-8893-C7A2B4F20E40}"
EndProject
Project("{2150E333-8FDC-42A3-9474-1A3956D46DE8}") = "SemanticModel", "SemanticModel", "{520EB6C5-C6C1-47AD-923E-E94FEF7163A2}"
EndProject
Project("{2150E333-8FDC-42A3-9474-1A3956D46DE8}") = "SimilarityModels", "SimilarityModels", "{400A33B1-8D25-41F7-8A11-99AB7F4B6828}"
EndProject
Project("{2150E333-8FDC-42A3-9474-1A3956D46DE8}") = "ColorSignatureModel", "ColorSignatureModel", "{BD05D128-879E-4CF0-9EA9-306B32510DF7}"
EndProject
Global
	GlobalSection(SolutionConfigurationPlatforms) = preSolution
		Debug|Any CPU = Debug|Any CPU
		Release|Any CPU = Release|Any CPU
	EndGlobalSection
	GlobalSection(ProjectConfigurationPlatforms) = postSolution
		{83A3AC99-C09A-4744-9364-00E7AC2941DB}.Debug|Any CPU.ActiveCfg = Debug|Any CPU
		{83A3AC99-C09A-4744-9364-00E7AC2941DB}.Debug|Any CPU.Build.0 = Debug|Any CPU
		{83A3AC99-C09A-4744-9364-00E7AC2941DB}.Release|Any CPU.ActiveCfg = Release|Any CPU
		{83A3AC99-C09A-4744-9364-00E7AC2941DB}.Release|Any CPU.Build.0 = Release|Any CPU
		{D4247128-C719-423E-BDF8-C285F8922FB0}.Debug|Any CPU.ActiveCfg = Debug|Any CPU
		{D4247128-C719-423E-BDF8-C285F8922FB0}.Debug|Any CPU.Build.0 = Debug|Any CPU
		{D4247128-C719-423E-BDF8-C285F8922FB0}.Release|Any CPU.ActiveCfg = Release|Any CPU
		{D4247128-C719-423E-BDF8-C285F8922FB0}.Release|Any CPU.Build.0 = Release|Any CPU
		{9E81E8E4-6AF5-480A-B7CC-4AE26D4DCB63}.Debug|Any CPU.ActiveCfg = Debug|Any CPU
		{9E81E8E4-6AF5-480A-B7CC-4AE26D4DCB63}.Debug|Any CPU.Build.0 = Debug|Any CPU
		{9E81E8E4-6AF5-480A-B7CC-4AE26D4DCB63}.Release|Any CPU.ActiveCfg = Release|Any CPU
		{9E81E8E4-6AF5-480A-B7CC-4AE26D4DCB63}.Release|Any CPU.Build.0 = Release|Any CPU
		{8FE95534-993B-4E85-8388-4B93673E852E}.Debug|Any CPU.ActiveCfg = Debug|Any CPU
		{8FE95534-993B-4E85-8388-4B93673E852E}.Debug|Any CPU.Build.0 = Debug|Any CPU
		{8FE95534-993B-4E85-8388-4B93673E852E}.Release|Any CPU.ActiveCfg = Release|Any CPU
		{8FE95534-993B-4E85-8388-4B93673E852E}.Release|Any CPU.Build.0 = Release|Any CPU
		{723C5402-FE70-4EFB-8893-C7A2B4F20E40}.Debug|Any CPU.ActiveCfg = Debug|Any CPU
		{723C5402-FE70-4EFB-8893-C7A2B4F20E40}.Debug|Any CPU.Build.0 = Debug|Any CPU
		{723C5402-FE70-4EFB-8893-C7A2B4F20E40}.Release|Any CPU.ActiveCfg = Release|Any CPU
		{723C5402-FE70-4EFB-8893-C7A2B4F20E40}.Release|Any CPU.Build.0 = Release|Any CPU
	EndGlobalSection
	GlobalSection(SolutionProperties) = preSolution
		HideSolutionNode = FALSE
	EndGlobalSection
	GlobalSection(NestedProjects) = preSolution
		{07C01CEE-9F09-48AF-BAAB-6D44BC424EA1} = {32BF6B34-64EE-4DA5-9856-F7844D33C7D7}
		{D4247128-C719-423E-BDF8-C285F8922FB0} = {07C01CEE-9F09-48AF-BAAB-6D44BC424EA1}
		{9E81E8E4-6AF5-480A-B7CC-4AE26D4DCB63} = {07C01CEE-9F09-48AF-BAAB-6D44BC424EA1}
		{8FE95534-993B-4E85-8388-4B93673E852E} = {07C01CEE-9F09-48AF-BAAB-6D44BC424EA1}
		{723C5402-FE70-4EFB-8893-C7A2B4F20E40} = {B023A2CC-9F72-4712-97AB-E6530A38745B}
		{520EB6C5-C6C1-47AD-923E-E94FEF7163A2} = {400A33B1-8D25-41F7-8A11-99AB7F4B6828}
		{400A33B1-8D25-41F7-8A11-99AB7F4B6828} = {32BF6B34-64EE-4DA5-9856-F7844D33C7D7}
		{BD05D128-879E-4CF0-9EA9-306B32510DF7} = {400A33B1-8D25-41F7-8A11-99AB7F4B6828}
	EndGlobalSection
	GlobalSection(ExtensibilityGlobals) = postSolution
		SolutionGuid = {0AA05E90-3307-4A81-9E94-F6D04B2C79D3}
	EndGlobalSection
EndGlobal
